
Microsoft Visual Studio Solution File, Format Version 12.00
# Visual Studio 15
VisualStudioVersion = 15.0.26430.13
MinimumVisualStudioVersion = 10.0.40219.1
Project("{FAE04EC0-301F-11D3-BF4B-00C04F79EFBC}") = "TUA", "TUA.csproj", "{8298EAB6-0586-4BDA-9483-83624B66B13A}"
EndProject
Global
	GlobalSection(SolutionConfigurationPlatforms) = preSolution
		Debug|Any CPU = Debug|Any CPU
		Debug|x86 = Debug|x86
		DebugFNA|Any CPU = DebugFNA|Any CPU
		DebugFNA|x86 = DebugFNA|x86
		Release|Any CPU = Release|Any CPU
		Release|x86 = Release|x86
	EndGlobalSection
	GlobalSection(ProjectConfigurationPlatforms) = postSolution
		{8298EAB6-0586-4BDA-9483-83624B66B13A}.Debug|Any CPU.ActiveCfg = Debug|Any CPU
		{8298EAB6-0586-4BDA-9483-83624B66B13A}.Debug|Any CPU.Build.0 = Debug|Any CPU
		{8298EAB6-0586-4BDA-9483-83624B66B13A}.Debug|x86.ActiveCfg = Debug|x86
		{8298EAB6-0586-4BDA-9483-83624B66B13A}.Debug|x86.Build.0 = Debug|x86
		{8298EAB6-0586-4BDA-9483-83624B66B13A}.DebugFNA|Any CPU.ActiveCfg = DebugFNA|Any CPU
		{8298EAB6-0586-4BDA-9483-83624B66B13A}.DebugFNA|Any CPU.Build.0 = DebugFNA|Any CPU
		{8298EAB6-0586-4BDA-9483-83624B66B13A}.DebugFNA|x86.ActiveCfg = DebugFNA|x86
		{8298EAB6-0586-4BDA-9483-83624B66B13A}.DebugFNA|x86.Build.0 = DebugFNA|x86
		{8298EAB6-0586-4BDA-9483-83624B66B13A}.Release|Any CPU.ActiveCfg = Release|Any CPU
		{8298EAB6-0586-4BDA-9483-83624B66B13A}.Release|Any CPU.Build.0 = Release|Any CPU
		{8298EAB6-0586-4BDA-9483-83624B66B13A}.Release|x86.ActiveCfg = Release|x86
		{8298EAB6-0586-4BDA-9483-83624B66B13A}.Release|x86.Build.0 = Release|x86
	EndGlobalSection
	GlobalSection(SolutionProperties) = preSolution
		HideSolutionNode = FALSE
	EndGlobalSection
	GlobalSection(ExtensibilityGlobals) = postSolution
		SolutionGuid = {7D4B0A7D-5B0F-4B25-8627-DFAEE1963475}
	EndGlobalSection
EndGlobal
